
Microsoft Visual Studio Solution File, Format Version 12.00
# Visual Studio Version 17
VisualStudioVersion = 17.7.34202.233
MinimumVisualStudioVersion = 10.0.40219.1
Project("{FAE04EC0-301F-11D3-BF4B-00C04F79EFBC}") = "Order", "Order\Order.csproj", "{A98CAD9F-E7CA-4D76-8FE1-B9DB9CE556C7}"
EndProject
Global
	GlobalSection(SolutionConfigurationPlatforms) = preSolution
		Debug|Any CPU = Debug|Any CPU
		Release|Any CPU = Release|Any CPU
	EndGlobalSection
	GlobalSection(ProjectConfigurationPlatforms) = postSolution
		{A98CAD9F-E7CA-4D76-8FE1-B9DB9CE556C7}.Debug|Any CPU.ActiveCfg = Debug|Any CPU
		{A98CAD9F-E7CA-4D76-8FE1-B9DB9CE556C7}.Debug|Any CPU.Build.0 = Debug|Any CPU
		{A98CAD9F-E7CA-4D76-8FE1-B9DB9CE556C7}.Release|Any CPU.ActiveCfg = Release|Any CPU
		{A98CAD9F-E7CA-4D76-8FE1-B9DB9CE556C7}.Release|Any CPU.Build.0 = Release|Any CPU
	EndGlobalSection
	GlobalSection(SolutionProperties) = preSolution
		HideSolutionNode = FALSE
	EndGlobalSection
	GlobalSection(ExtensibilityGlobals) = postSolution
		SolutionGuid = {49BA4399-0037-460A-9F60-8DF2015E52DE}
	EndGlobalSection
EndGlobal
